<?xml version="1.0" encoding="utf-8"?>
<Project ToolsVersion="4.0" xmlns="http://schemas.microsoft.com/developer/msbuild/2003">
  <ItemGroup>
    <Filter Include="源文件">
      <UniqueIdentifier>{4FC737F1-C7A5-4376-A066-2A32D752A2FF}</UniqueIdentifier>
      <Extensions>cpp;c;cc;cxx;def;odl;idl;hpj;bat;asm;asmx</Extensions>
    </Filter>
    <Filter Include="头文件">
      <UniqueIdentifier>{93995380-89BD-4b04-88EB-625FBE52EBFB}</UniqueIdentifier>
      <Extensions>h;hh;hpp;hxx;hm;inl;inc;xsd</Extensions>
    </Filter>
    <Filter Include="资源文件">
      <UniqueIdentifier>{67DA6AB6-F800-4c08-8B7A-83BB121AAD01}</UniqueIdentifier>
      <Extensions>rc;ico;cur;bmp;dlg;rc2;rct;bin;rgs;gif;jpg;jpeg;jpe;resx;tiff;tif;png;wav;mfcribbon-ms</Extensions>
    </Filter>
    <Filter Include="源文件\socket">
      <UniqueIdentifier>{5a8c6e7d-2516-43f9-be5f-79d69d916f30}</UniqueIdentifier>
    </Filter>
    <Filter Include="源文件\iniconfig">
      <UniqueIdentifier>{cf0aadc2-db2c-489b-8c65-2de1862cd623}</UniqueIdentifier>
    </Filter>
    <Filter Include="源文件\serialport">
      <UniqueIdentifier>{9a6d607d-6b54-45f3-a6e2-622fcf40b0b7}</UniqueIdentifier>
    </Filter>
    <Filter Include="头文件\iniconfig">
      <UniqueIdentifier>{17903813-b96e-4b07-9c93-74e2d919d2c8}</UniqueIdentifier>
    </Filter>
    <Filter Include="头文件\socket">
      <UniqueIdentifier>{acf786f7-84e1-4fb8-a5d1-dcda362c7932}</UniqueIdentifier>
    </Filter>
    <Filter Include="头文件\serialport">
      <UniqueIdentifier>{a37192ac-f02c-44d6-b02a-e2baaf34d944}</UniqueIdentifier>
    </Filter>
    <Filter Include="头文件\coordtransform">
      <UniqueIdentifier>{03d1c855-dae9-488f-9f80-776e212d047f}</UniqueIdentifier>
    </Filter>
    <Filter Include="源文件\coordtransform">
      <UniqueIdentifier>{bd7dd65e-5365-46cb-a766-fe121d93c417}</UniqueIdentifier>
    </Filter>
  </ItemGroup>
  <ItemGroup>
    <ClInclude Include="targetver.h">
      <Filter>头文件</Filter>
    </ClInclude>
    <ClInclude Include="..\inc\stdafx.h">
      <Filter>头文件</Filter>
    </ClInclude>
    <ClInclude Include="..\inc\iniconfig.h">
      <Filter>头文件\iniconfig</Filter>
    </ClInclude>
    <ClInclude Include="..\src\socket\csocket.h">
      <Filter>头文件\socket</Filter>
    </ClInclude>
    <ClInclude Include="..\src\socket\ctcpclient.h">
      <Filter>头文件\socket</Filter>
    </ClInclude>
    <ClInclude Include="..\src\socket\ctcpserver.h">
      <Filter>头文件\socket</Filter>
    </ClInclude>
    <ClInclude Include="..\inc\socket.h">
      <Filter>头文件\socket</Filter>
    </ClInclude>
    <ClInclude Include="..\src\socket\tcpserverproc.h">
      <Filter>头文件\socket</Filter>
    </ClInclude>
    <ClInclude Include="..\src\serialport\cserialport.h">
      <Filter>头文件\serialport</Filter>
    </ClInclude>
    <ClInclude Include="..\inc\serialport.h">
      <Filter>头文件\serialport</Filter>
    </ClInclude>
    <ClInclude Include="..\inc\coordtransform.h">
      <Filter>头文件\coordtransform</Filter>
    </ClInclude>
    <ClInclude Include="..\src\coordtransform\ccoordtransform.h">
      <Filter>头文件\coordtransform</Filter>
    </ClInclude>
    <ClInclude Include="..\src\coordtransform\ccoordtransform3dmultipt.h">
      <Filter>头文件\coordtransform</Filter>
    </ClInclude>
    <ClInclude Include="..\src\coordtransform\Matrix.h">
      <Filter>头文件\coordtransform</Filter>
    </ClInclude>
  </ItemGroup>
  <ItemGroup>
    <ClCompile Include="stdafx.cpp">
      <Filter>源文件</Filter>
    </ClCompile>
    <ClCompile Include="dllmain.cpp">
      <Filter>源文件</Filter>
    </ClCompile>
    <ClCompile Include="..\src\socket\tcpserverproc.cpp">
      <Filter>源文件\socket</Filter>
    </ClCompile>
    <ClCompile Include="..\src\socket\socket.cpp">
      <Filter>源文件\socket</Filter>
    </ClCompile>
    <ClCompile Include="..\src\socket\ctcpserver.cpp">
      <Filter>源文件\socket</Filter>
    </ClCompile>
    <ClCompile Include="..\src\socket\csocket.cpp">
      <Filter>源文件\socket</Filter>
    </ClCompile>
    <ClCompile Include="..\src\iniconfig\iniconfig.cpp">
      <Filter>源文件\iniconfig</Filter>
    </ClCompile>
    <ClCompile Include="..\src\socket\ctcpclient.cpp">
      <Filter>源文件\socket</Filter>
    </ClCompile>
    <ClCompile Include="..\src\serialport\cserialport.cpp">
      <Filter>源文件\serialport</Filter>
    </ClCompile>
    <ClCompile Include="..\src\serialport\serialport.cpp">
      <Filter>源文件\serialport</Filter>
    </ClCompile>
    <ClCompile Include="..\src\coordtransform\coordtransform.cpp">
      <Filter>源文件\coordtransform</Filter>
    </ClCompile>
    <ClCompile Include="..\src\coordtransform\ccoordtransform.cpp">
      <Filter>源文件\coordtransform</Filter>
    </ClCompile>
    <ClCompile Include="..\src\coordtransform\ccoordtransform3dmultipt.cpp">
      <Filter>源文件\coordtransform</Filter>
    </ClCompile>
    <ClCompile Include="..\src\coordtransform\Matrix.cpp">
      <Filter>头文件\coordtransform</Filter>
    </ClCompile>
  </ItemGroup>
  <ItemGroup>
    <None Include="libstd.def" />
  </ItemGroup>
</Project>