
Microsoft Visual Studio Solution File, Format Version 12.00
# Visual Studio 15
VisualStudioVersion = 15.0.27130.2026
MinimumVisualStudioVersion = 10.0.40219.1
Project("{8BC9CEB8-8B4A-11D0-8D11-00A0C91BC942}") = "libstd", "libstd.vcxproj", "{2C254DB0-E425-42FF-926A-F12154231B5A}"
EndProject
Project("{8BC9CEB8-8B4A-11D0-8D11-00A0C91BC942}") = "libstd_test", "..\libstd_test\libstd_test.vcxproj", "{E0058939-9010-4A07-955D-3F6B22514D26}"
	ProjectSection(ProjectDependencies) = postProject
		{2C254DB0-E425-42FF-926A-F12154231B5A} = {2C254DB0-E425-42FF-926A-F12154231B5A}
	EndProjectSection
EndProject
Global
	GlobalSection(SolutionConfigurationPlatforms) = preSolution
		Debug|x64 = Debug|x64
		Debug|x86 = Debug|x86
		Release|x64 = Release|x64
		Release|x86 = Release|x86
	EndGlobalSection
	GlobalSection(ProjectConfigurationPlatforms) = postSolution
		{2C254DB0-E425-42FF-926A-F12154231B5A}.Debug|x64.ActiveCfg = Debug|x64
		{2C254DB0-E425-42FF-926A-F12154231B5A}.Debug|x64.Build.0 = Debug|x64
		{2C254DB0-E425-42FF-926A-F12154231B5A}.Debug|x86.ActiveCfg = Debug|Win32
		{2C254DB0-E425-42FF-926A-F12154231B5A}.Debug|x86.Build.0 = Debug|Win32
		{2C254DB0-E425-42FF-926A-F12154231B5A}.Release|x64.ActiveCfg = Release|x64
		{2C254DB0-E425-42FF-926A-F12154231B5A}.Release|x64.Build.0 = Release|x64
		{2C254DB0-E425-42FF-926A-F12154231B5A}.Release|x86.ActiveCfg = Release|Win32
		{2C254DB0-E425-42FF-926A-F12154231B5A}.Release|x86.Build.0 = Release|Win32
		{E0058939-9010-4A07-955D-3F6B22514D26}.Debug|x64.ActiveCfg = Debug|x64
		{E0058939-9010-4A07-955D-3F6B22514D26}.Debug|x64.Build.0 = Debug|x64
		{E0058939-9010-4A07-955D-3F6B22514D26}.Debug|x86.ActiveCfg = Debug|Win32
		{E0058939-9010-4A07-955D-3F6B22514D26}.Debug|x86.Build.0 = Debug|Win32
		{E0058939-9010-4A07-955D-3F6B22514D26}.Release|x64.ActiveCfg = Release|x64
		{E0058939-9010-4A07-955D-3F6B22514D26}.Release|x64.Build.0 = Release|x64
		{E0058939-9010-4A07-955D-3F6B22514D26}.Release|x86.ActiveCfg = Release|Win32
		{E0058939-9010-4A07-955D-3F6B22514D26}.Release|x86.Build.0 = Release|Win32
	EndGlobalSection
	GlobalSection(SolutionProperties) = preSolution
		HideSolutionNode = FALSE
	EndGlobalSection
	GlobalSection(ExtensibilityGlobals) = postSolution
		SolutionGuid = {AD8995C1-304D-4237-8C36-47266D9EF1FA}
	EndGlobalSection
EndGlobal
