<?xml version="1.0" encoding="utf-8"?>
<Project ToolsVersion="4.0" xmlns="http://schemas.microsoft.com/developer/msbuild/2003">
  <ItemGroup>
    <Filter Include="源文件">
      <UniqueIdentifier>{4FC737F1-C7A5-4376-A066-2A32D752A2FF}</UniqueIdentifier>
      <Extensions>cpp;c;cc;cxx;def;odl;idl;hpj;bat;asm;asmx</Extensions>
    </Filter>
    <Filter Include="头文件">
      <UniqueIdentifier>{93995380-89BD-4b04-88EB-625FBE52EBFB}</UniqueIdentifier>
      <Extensions>h;hh;hpp;hxx;hm;inl;inc;ipp;xsd</Extensions>
    </Filter>
    <Filter Include="资源文件">
      <UniqueIdentifier>{67DA6AB6-F800-4c08-8B7A-83BB121AAD01}</UniqueIdentifier>
      <Extensions>rc;ico;cur;bmp;dlg;rc2;rct;bin;rgs;gif;jpg;jpeg;jpe;resx;tiff;tif;png;wav;mfcribbon-ms</Extensions>
    </Filter>
    <Filter Include="源文件\socket">
      <UniqueIdentifier>{8223aadd-df3e-4379-ae59-7fcd78d77bbb}</UniqueIdentifier>
    </Filter>
    <Filter Include="头文件\socket">
      <UniqueIdentifier>{fe65a1fe-30ce-4dc2-8002-982986df53fb}</UniqueIdentifier>
    </Filter>
    <Filter Include="源文件\iniconfig">
      <UniqueIdentifier>{1da17dea-257f-4df0-9602-7161bc5db955}</UniqueIdentifier>
    </Filter>
    <Filter Include="头文件\iniconfig">
      <UniqueIdentifier>{e338f99f-967b-4fea-b763-8116fd39879b}</UniqueIdentifier>
    </Filter>
    <Filter Include="源文件\serialport">
      <UniqueIdentifier>{1a5b86c8-9834-4cd2-84f5-086cf28849f9}</UniqueIdentifier>
    </Filter>
    <Filter Include="头文件\serialport">
      <UniqueIdentifier>{13bc9974-e1a0-41eb-bc5f-61c1af9d07b1}</UniqueIdentifier>
    </Filter>
    <Filter Include="源文件\common">
      <UniqueIdentifier>{3cad4962-42bc-4c73-a9c4-812b94fd0ae3}</UniqueIdentifier>
    </Filter>
    <Filter Include="头文件\common">
      <UniqueIdentifier>{08656a29-c6b9-4031-b51f-e410ef0f220c}</UniqueIdentifier>
    </Filter>
    <Filter Include="头文件\coordtransform">
      <UniqueIdentifier>{bb8016f8-bd42-44b4-a38c-fe693929793f}</UniqueIdentifier>
    </Filter>
    <Filter Include="源文件\coordtransform">
      <UniqueIdentifier>{d7b04c18-33b1-47cd-b03e-11bcd19576c1}</UniqueIdentifier>
    </Filter>
    <Filter Include="源文件\opencv">
      <UniqueIdentifier>{950f18ea-64ff-4c13-8b04-9db9f416a6d4}</UniqueIdentifier>
    </Filter>
    <Filter Include="头文件\csv">
      <UniqueIdentifier>{d0e450f1-27fb-4977-b069-ad04f6c3ab2f}</UniqueIdentifier>
    </Filter>
    <Filter Include="源文件\csv">
      <UniqueIdentifier>{8cb87b1c-eb1d-4f47-9026-89c878bd71aa}</UniqueIdentifier>
    </Filter>
    <Filter Include="源文件\zlib">
      <UniqueIdentifier>{f85461ec-c6b1-45bf-b792-93f0db63d27d}</UniqueIdentifier>
    </Filter>
  </ItemGroup>
  <ItemGroup>
    <ClInclude Include="stdafx.h">
      <Filter>头文件</Filter>
    </ClInclude>
    <ClInclude Include="targetver.h">
      <Filter>头文件</Filter>
    </ClInclude>
    <ClInclude Include="socket\CSocketLib.h">
      <Filter>头文件\socket</Filter>
    </ClInclude>
    <ClInclude Include="socket\CTcpClient.h">
      <Filter>头文件\socket</Filter>
    </ClInclude>
    <ClInclude Include="socket\CTcpServer.h">
      <Filter>头文件\socket</Filter>
    </ClInclude>
    <ClInclude Include="inc\socket.h">
      <Filter>头文件\socket</Filter>
    </ClInclude>
    <ClInclude Include="..\inc\coordtransform.h">
      <Filter>头文件\coordtransform</Filter>
    </ClInclude>
    <ClInclude Include="..\src\coordtransform\ccoordtransform.h">
      <Filter>头文件\coordtransform</Filter>
    </ClInclude>
    <ClInclude Include="..\src\coordtransform\ccoordtransform3dmultipt.h">
      <Filter>头文件\coordtransform</Filter>
    </ClInclude>
    <ClInclude Include="..\inc\iniconfig.h">
      <Filter>头文件\iniconfig</Filter>
    </ClInclude>
    <ClInclude Include="..\src\iniconfig\iniparser.h">
      <Filter>头文件\iniconfig</Filter>
    </ClInclude>
    <ClInclude Include="..\inc\serialport.h">
      <Filter>头文件\serialport</Filter>
    </ClInclude>
    <ClInclude Include="..\src\serialport\CSerialPort.h">
      <Filter>头文件\serialport</Filter>
    </ClInclude>
    <ClInclude Include="..\src\serialport\CSerialPortProc_win.h">
      <Filter>头文件\serialport</Filter>
    </ClInclude>
    <ClInclude Include="..\src\csv\CSVManager.h">
      <Filter>头文件\csv</Filter>
    </ClInclude>
    <ClInclude Include="..\inc\csv.h">
      <Filter>头文件\csv</Filter>
    </ClInclude>
    <ClInclude Include="..\src\common\CriticalLock.h">
      <Filter>头文件\common</Filter>
    </ClInclude>
  </ItemGroup>
  <ItemGroup>
    <ClCompile Include="stdafx.cpp">
      <Filter>源文件</Filter>
    </ClCompile>
    <ClCompile Include="dllmain.cpp">
      <Filter>源文件</Filter>
    </ClCompile>
    <ClCompile Include="..\src\common\CriticalLock.cpp">
      <Filter>源文件\common</Filter>
    </ClCompile>
    <ClCompile Include="..\src\coordtransform\ccoordtransform.cpp">
      <Filter>源文件\coordtransform</Filter>
    </ClCompile>
    <ClCompile Include="..\src\coordtransform\coordtransform.cpp">
      <Filter>源文件\coordtransform</Filter>
    </ClCompile>
    <ClCompile Include="..\src\csv\csv.cpp">
      <Filter>源文件\csv</Filter>
    </ClCompile>
    <ClCompile Include="..\src\csv\CSVManager.cpp">
      <Filter>源文件\csv</Filter>
    </ClCompile>
    <ClCompile Include="..\src\iniconfig\iniconfig.cpp">
      <Filter>源文件\iniconfig</Filter>
    </ClCompile>
    <ClCompile Include="..\src\serialport\CSerialPort.cpp">
      <Filter>源文件\serialport</Filter>
    </ClCompile>
    <ClCompile Include="..\src\serialport\CSerialPortProc_win.cpp">
      <Filter>源文件\serialport</Filter>
    </ClCompile>
    <ClCompile Include="..\src\serialport\serialport.cpp">
      <Filter>源文件\serialport</Filter>
    </ClCompile>
    <ClCompile Include="..\src\socket\CSocketLib.cpp">
      <Filter>源文件\socket</Filter>
    </ClCompile>
    <ClCompile Include="..\src\socket\CTcpClient.cpp">
      <Filter>源文件\socket</Filter>
    </ClCompile>
    <ClCompile Include="..\src\socket\CTcpServer.cpp">
      <Filter>源文件\socket</Filter>
    </ClCompile>
    <ClCompile Include="..\src\socket\socket.cpp">
      <Filter>源文件\socket</Filter>
    </ClCompile>
    <ClCompile Include="..\src\coordtransform\ccoordtransform3dmultipt.cpp">
      <Filter>源文件\coordtransform</Filter>
    </ClCompile>
    <ClCompile Include="..\src\opencv\alloc.cpp">
      <Filter>源文件\opencv</Filter>
    </ClCompile>
    <ClCompile Include="..\src\opencv\matrix.cpp">
      <Filter>源文件\opencv</Filter>
    </ClCompile>
    <ClCompile Include="..\src\opencv\matrix_sparse.cpp">
      <Filter>源文件\opencv</Filter>
    </ClCompile>
    <ClCompile Include="..\src\opencv\array.cpp">
      <Filter>源文件\opencv</Filter>
    </ClCompile>
    <ClCompile Include="..\src\opencv\datastructs.cpp">
      <Filter>源文件\opencv</Filter>
    </ClCompile>
    <ClCompile Include="..\src\opencv\copy.cpp">
      <Filter>源文件\opencv</Filter>
    </ClCompile>
    <ClCompile Include="..\src\opencv\matrix_expressions.cpp">
      <Filter>源文件\opencv</Filter>
    </ClCompile>
    <ClCompile Include="..\src\opencv\system.cpp">
      <Filter>源文件\opencv</Filter>
    </ClCompile>
    <ClCompile Include="..\src\opencv\stl.cpp">
      <Filter>源文件\opencv</Filter>
    </ClCompile>
    <ClCompile Include="..\src\opencv\matmul.cpp">
      <Filter>源文件\opencv</Filter>
    </ClCompile>
    <ClCompile Include="..\src\opencv\matrix_operations.cpp">
      <Filter>源文件\opencv</Filter>
    </ClCompile>
    <ClCompile Include="..\src\opencv\matrix_wrap.cpp">
      <Filter>源文件\opencv</Filter>
    </ClCompile>
    <ClCompile Include="..\src\opencv\convert.cpp">
      <Filter>源文件\opencv</Filter>
    </ClCompile>
    <ClCompile Include="..\src\opencv\lapack.cpp">
      <Filter>源文件\opencv</Filter>
    </ClCompile>
    <ClCompile Include="..\src\opencv\matrix_c.cpp">
      <Filter>源文件\opencv</Filter>
    </ClCompile>
    <ClCompile Include="..\src\opencv\umatrix.cpp">
      <Filter>源文件\opencv</Filter>
    </ClCompile>
    <ClCompile Include="..\src\opencv\arithm.cpp">
      <Filter>源文件\opencv</Filter>
    </ClCompile>
    <ClCompile Include="..\src\opencv\matrix_iterator.cpp">
      <Filter>源文件\opencv</Filter>
    </ClCompile>
    <ClCompile Include="..\src\opencv\ocl.cpp">
      <Filter>源文件\opencv</Filter>
    </ClCompile>
    <ClCompile Include="..\src\opencv\trace.cpp">
      <Filter>源文件\opencv</Filter>
    </ClCompile>
    <ClCompile Include="..\src\opencv\out.cpp">
      <Filter>源文件\opencv</Filter>
    </ClCompile>
    <ClCompile Include="..\src\opencv\tables.cpp">
      <Filter>源文件\opencv</Filter>
    </ClCompile>
    <ClCompile Include="..\src\opencv\persistence_c.cpp">
      <Filter>源文件\opencv</Filter>
    </ClCompile>
    <ClCompile Include="..\src\zlib\adler32.cpp">
      <Filter>源文件\zlib</Filter>
    </ClCompile>
    <ClCompile Include="..\src\zlib\compress.cpp">
      <Filter>源文件\zlib</Filter>
    </ClCompile>
    <ClCompile Include="..\src\zlib\crc32.cpp">
      <Filter>源文件\zlib</Filter>
    </ClCompile>
    <ClCompile Include="..\src\zlib\deflate.cpp">
      <Filter>源文件\zlib</Filter>
    </ClCompile>
    <ClCompile Include="..\src\zlib\gzclose.cpp">
      <Filter>源文件\zlib</Filter>
    </ClCompile>
    <ClCompile Include="..\src\zlib\gzlib.cpp">
      <Filter>源文件\zlib</Filter>
    </ClCompile>
    <ClCompile Include="..\src\zlib\gzread.cpp">
      <Filter>源文件\zlib</Filter>
    </ClCompile>
    <ClCompile Include="..\src\zlib\gzwrite.cpp">
      <Filter>源文件\zlib</Filter>
    </ClCompile>
    <ClCompile Include="..\src\zlib\infback.cpp">
      <Filter>源文件\zlib</Filter>
    </ClCompile>
    <ClCompile Include="..\src\zlib\inffast.cpp">
      <Filter>源文件\zlib</Filter>
    </ClCompile>
    <ClCompile Include="..\src\zlib\inflate.cpp">
      <Filter>源文件\zlib</Filter>
    </ClCompile>
    <ClCompile Include="..\src\zlib\inftrees.cpp">
      <Filter>源文件\zlib</Filter>
    </ClCompile>
    <ClCompile Include="..\src\zlib\trees.cpp">
      <Filter>源文件\zlib</Filter>
    </ClCompile>
    <ClCompile Include="..\src\zlib\uncompr.cpp">
      <Filter>源文件\zlib</Filter>
    </ClCompile>
    <ClCompile Include="..\src\zlib\zutil.cpp">
      <Filter>源文件\zlib</Filter>
    </ClCompile>
    <ClCompile Include="..\src\opencv\convert_scale.cpp">
      <Filter>源文件\opencv</Filter>
    </ClCompile>
    <ClCompile Include="..\src\opencv\persistence_json.cpp">
      <Filter>源文件\opencv</Filter>
    </ClCompile>
    <ClCompile Include="..\src\opencv\persistence_xml.cpp">
      <Filter>源文件\opencv</Filter>
    </ClCompile>
    <ClCompile Include="..\src\opencv\persistence.cpp">
      <Filter>源文件\opencv</Filter>
    </ClCompile>
    <ClCompile Include="..\src\opencv\persistence_base64.cpp">
      <Filter>源文件\opencv</Filter>
    </ClCompile>
    <ClCompile Include="..\src\opencv\matrix_decomp.cpp">
      <Filter>源文件\opencv</Filter>
    </ClCompile>
    <ClCompile Include="..\src\opencv\persistence_yml.cpp">
      <Filter>源文件\opencv</Filter>
    </ClCompile>
    <ClCompile Include="..\src\opencv\persistence_cpp.cpp">
      <Filter>源文件\opencv</Filter>
    </ClCompile>
    <ClCompile Include="..\src\opencv\cuda_gpu_mat.cpp">
      <Filter>源文件\opencv</Filter>
    </ClCompile>
    <ClCompile Include="..\src\opencv\norm.cpp">
      <Filter>源文件\opencv</Filter>
    </ClCompile>
    <ClCompile Include="..\src\opencv\minmax.cpp">
      <Filter>源文件\opencv</Filter>
    </ClCompile>
    <ClCompile Include="..\src\opencv\channels.cpp">
      <Filter>源文件\opencv</Filter>
    </ClCompile>
    <ClCompile Include="..\src\opencv\stat.dispatch.cpp">
      <Filter>源文件\opencv</Filter>
    </ClCompile>
    <ClCompile Include="..\src\opencv\cuda_host_mem.cpp">
      <Filter>源文件\opencv</Filter>
    </ClCompile>
    <ClCompile Include="..\src\opencv\pca.cpp">
      <Filter>源文件\opencv</Filter>
    </ClCompile>
    <ClCompile Include="..\src\opencv\logger.cpp">
      <Filter>源文件\opencv</Filter>
    </ClCompile>
    <ClCompile Include="..\src\opencv\kmeans.cpp">
      <Filter>源文件\opencv</Filter>
    </ClCompile>
    <ClCompile Include="..\src\opencv\sum.cpp">
      <Filter>源文件\opencv</Filter>
    </ClCompile>
    <ClCompile Include="..\src\opencv\parallel.cpp">
      <Filter>源文件\opencv</Filter>
    </ClCompile>
    <ClCompile Include="..\src\opencv\rand.cpp">
      <Filter>源文件\opencv</Filter>
    </ClCompile>
    <ClCompile Include="..\src\opencv\opengl.cpp">
      <Filter>源文件\opencv</Filter>
    </ClCompile>
    <ClCompile Include="..\src\opencv\cuda_stream.cpp">
      <Filter>源文件\opencv</Filter>
    </ClCompile>
    <ClCompile Include="..\src\opencv\persistence_types.cpp">
      <Filter>源文件\opencv</Filter>
    </ClCompile>
    <ClCompile Include="..\src\iniconfig\iniparser.cpp">
      <Filter>源文件\iniconfig</Filter>
    </ClCompile>
  </ItemGroup>
  <ItemGroup>
    <None Include="libstd.def">
      <Filter>源文件</Filter>
    </None>
  </ItemGroup>
</Project>